
Microsoft Visual Studio Solution File, Format Version 12.00
# Visual Studio Version 17
VisualStudioVersion = 17.6.33815.320
MinimumVisualStudioVersion = 10.0.40219.1
Project("{FAE04EC0-301F-11D3-BF4B-00C04F79EFBC}") = "CalculatorConsoleApp", "CalculatorConsoleApp\CalculatorConsoleApp.csproj", "{AA6613EC-D854-4B86-91B0-A0B292096F23}"
EndProject
Global
	GlobalSection(SolutionConfigurationPlatforms) = preSolution
		Debug|Any CPU = Debug|Any CPU
		Release|Any CPU = Release|Any CPU
	EndGlobalSection
	GlobalSection(ProjectConfigurationPlatforms) = postSolution
		{AA6613EC-D854-4B86-91B0-A0B292096F23}.Debug|Any CPU.ActiveCfg = Debug|Any CPU
		{AA6613EC-D854-4B86-91B0-A0B292096F23}.Debug|Any CPU.Build.0 = Debug|Any CPU
		{AA6613EC-D854-4B86-91B0-A0B292096F23}.Release|Any CPU.ActiveCfg = Release|Any CPU
		{AA6613EC-D854-4B86-91B0-A0B292096F23}.Release|Any CPU.Build.0 = Release|Any CPU
	EndGlobalSection
	GlobalSection(SolutionProperties) = preSolution
		HideSolutionNode = FALSE
	EndGlobalSection
	GlobalSection(ExtensibilityGlobals) = postSolution
		SolutionGuid = {771A00B2-E52C-4DF9-9AFE-84A8910B0342}
	EndGlobalSection
EndGlobal
